<Solution>
  <Project Path="Caja/CajaGomasPOS/Caja.csproj" Id="40a17b8f-db67-4886-8af5-df305c116291" />
  <Project Path="Core.DataEntry/Core.DataEntry.csproj" Id="8a1a3362-1f36-4c2d-a67c-ec8e2e11dfc9" />
  <Project Path="Core/Core.csproj" Id="4073d341-5831-425d-a17c-0f0410f28a54" />
  <Project Path="Integracion/Integracion.csproj" Id="06dea644-9b05-43d9-b54c-1e40094b3845" />
  <Project Path="Web/Web.csproj" Id="b412e553-9aef-4963-9198-5ac3ef97dd12" />
</Solution>
